
Microsoft Visual Studio Solution File, Format Version 12.00
# Visual Studio Version 17
VisualStudioVersion = 17.5.33424.131
MinimumVisualStudioVersion = 10.0.40219.1
Project("{FAE04EC0-301F-11D3-BF4B-00C04F79EFBC}") = "SauceDemo.Testing_SpecFlow", "SauceDemo.Testing_SpecFlow\SauceDemo.Testing_SpecFlow.csproj", "{32771793-9DF5-453D-B825-256A0B433E56}"
EndProject
Global
	GlobalSection(SolutionConfigurationPlatforms) = preSolution
		Debug|Any CPU = Debug|Any CPU
		Release|Any CPU = Release|Any CPU
	EndGlobalSection
	GlobalSection(ProjectConfigurationPlatforms) = postSolution
		{32771793-9DF5-453D-B825-256A0B433E56}.Debug|Any CPU.ActiveCfg = Debug|Any CPU
		{32771793-9DF5-453D-B825-256A0B433E56}.Debug|Any CPU.Build.0 = Debug|Any CPU
		{32771793-9DF5-453D-B825-256A0B433E56}.Release|Any CPU.ActiveCfg = Release|Any CPU
		{32771793-9DF5-453D-B825-256A0B433E56}.Release|Any CPU.Build.0 = Release|Any CPU
	EndGlobalSection
	GlobalSection(SolutionProperties) = preSolution
		HideSolutionNode = FALSE
	EndGlobalSection
	GlobalSection(ExtensibilityGlobals) = postSolution
		SolutionGuid = {874F9949-D58F-41BB-BCC2-713377BE855F}
	EndGlobalSection
EndGlobal
